
Microsoft Visual Studio Solution File, Format Version 12.00
# Visual Studio Version 17
VisualStudioVersion = 17.7.34221.43
MinimumVisualStudioVersion = 10.0.40219.1
Project("{FAE04EC0-301F-11D3-BF4B-00C04F79EFBC}") = "TorNado", "TorNado\TorNado.csproj", "{D7D7E47E-D79D-4B19-974A-6ED6B36C9744}"
EndProject
Global
	GlobalSection(SolutionConfigurationPlatforms) = preSolution
		Debug|Any CPU = Debug|Any CPU
		Release|Any CPU = Release|Any CPU
	EndGlobalSection
	GlobalSection(ProjectConfigurationPlatforms) = postSolution
		{D7D7E47E-D79D-4B19-974A-6ED6B36C9744}.Debug|Any CPU.ActiveCfg = Debug|Any CPU
		{D7D7E47E-D79D-4B19-974A-6ED6B36C9744}.Debug|Any CPU.Build.0 = Debug|Any CPU
		{D7D7E47E-D79D-4B19-974A-6ED6B36C9744}.Release|Any CPU.ActiveCfg = Release|Any CPU
		{D7D7E47E-D79D-4B19-974A-6ED6B36C9744}.Release|Any CPU.Build.0 = Release|Any CPU
	EndGlobalSection
	GlobalSection(SolutionProperties) = preSolution
		HideSolutionNode = FALSE
	EndGlobalSection
	GlobalSection(ExtensibilityGlobals) = postSolution
		SolutionGuid = {88F75E6F-3722-4BA4-8D42-E7B2280B0EC6}
	EndGlobalSection
EndGlobal
