
Microsoft Visual Studio Solution File, Format Version 12.00
# Visual Studio Version 17
VisualStudioVersion = 17.4.33110.190
MinimumVisualStudioVersion = 10.0.40219.1
Project("{FAE04EC0-301F-11D3-BF4B-00C04F79EFBC}") = "WpfDiplom", "WpfDiplom.csproj", "{31222656-B815-459D-A9DC-A38F570CB853}"
EndProject
Project("{FAE04EC0-301F-11D3-BF4B-00C04F79EFBC}") = "ClickerManDVA_DVA", "ClickerManDVA\ClickerManDVA_DVA\ClickerManDVA_DVA.csproj", "{1A963F37-5FCE-49A7-8058-1E1FEAFA740A}"
EndProject
Global
	GlobalSection(SolutionConfigurationPlatforms) = preSolution
		Debug|Any CPU = Debug|Any CPU
		Release|Any CPU = Release|Any CPU
	EndGlobalSection
	GlobalSection(ProjectConfigurationPlatforms) = postSolution
		{31222656-B815-459D-A9DC-A38F570CB853}.Debug|Any CPU.ActiveCfg = Debug|Any CPU
		{31222656-B815-459D-A9DC-A38F570CB853}.Debug|Any CPU.Build.0 = Debug|Any CPU
		{31222656-B815-459D-A9DC-A38F570CB853}.Release|Any CPU.ActiveCfg = Release|Any CPU
		{31222656-B815-459D-A9DC-A38F570CB853}.Release|Any CPU.Build.0 = Release|Any CPU
		{1A963F37-5FCE-49A7-8058-1E1FEAFA740A}.Debug|Any CPU.ActiveCfg = Debug|Any CPU
		{1A963F37-5FCE-49A7-8058-1E1FEAFA740A}.Debug|Any CPU.Build.0 = Debug|Any CPU
		{1A963F37-5FCE-49A7-8058-1E1FEAFA740A}.Release|Any CPU.ActiveCfg = Release|Any CPU
		{1A963F37-5FCE-49A7-8058-1E1FEAFA740A}.Release|Any CPU.Build.0 = Release|Any CPU
	EndGlobalSection
	GlobalSection(SolutionProperties) = preSolution
		HideSolutionNode = FALSE
	EndGlobalSection
	GlobalSection(ExtensibilityGlobals) = postSolution
		SolutionGuid = {DE477B90-C6A8-4000-B079-5EAE77BAC239}
	EndGlobalSection
EndGlobal
