
Microsoft Visual Studio Solution File, Format Version 12.00
# Visual Studio Version 17
VisualStudioVersion = 17.9.34728.123
MinimumVisualStudioVersion = 10.0.40219.1
Project("{FAE04EC0-301F-11D3-BF4B-00C04F79EFBC}") = "T_Or", "T_Or\T_Or.csproj", "{8CC68296-14B2-494D-B518-745B107E0865}"
EndProject
Global
	GlobalSection(SolutionConfigurationPlatforms) = preSolution
		Debug|Any CPU = Debug|Any CPU
		Release|Any CPU = Release|Any CPU
	EndGlobalSection
	GlobalSection(ProjectConfigurationPlatforms) = postSolution
		{8CC68296-14B2-494D-B518-745B107E0865}.Debug|Any CPU.ActiveCfg = Debug|Any CPU
		{8CC68296-14B2-494D-B518-745B107E0865}.Debug|Any CPU.Build.0 = Debug|Any CPU
		{8CC68296-14B2-494D-B518-745B107E0865}.Release|Any CPU.ActiveCfg = Release|Any CPU
		{8CC68296-14B2-494D-B518-745B107E0865}.Release|Any CPU.Build.0 = Release|Any CPU
	EndGlobalSection
	GlobalSection(SolutionProperties) = preSolution
		HideSolutionNode = FALSE
	EndGlobalSection
	GlobalSection(ExtensibilityGlobals) = postSolution
		SolutionGuid = {14F1F8D7-B99B-4E5F-9FC4-0362E9CC2693}
	EndGlobalSection
EndGlobal
