
Microsoft Visual Studio Solution File, Format Version 12.00
# Visual Studio Version 17
VisualStudioVersion = 17.9.34728.123
MinimumVisualStudioVersion = 10.0.40219.1
Project("{FAE04EC0-301F-11D3-BF4B-00C04F79EFBC}") = "T_Or_EXE", "T_Or_EXE\T_Or_EXE.csproj", "{57FFE4CF-89E1-4274-97C8-90EC29C2A233}"
EndProject
Project("{FAE04EC0-301F-11D3-BF4B-00C04F79EFBC}") = "T_Or", "T_Or\T_Or.csproj", "{9C209730-E489-4E73-A06E-84F112600BD4}"
EndProject
Global
	GlobalSection(SolutionConfigurationPlatforms) = preSolution
		Debug|Any CPU = Debug|Any CPU
		Release|Any CPU = Release|Any CPU
	EndGlobalSection
	GlobalSection(ProjectConfigurationPlatforms) = postSolution
		{57FFE4CF-89E1-4274-97C8-90EC29C2A233}.Debug|Any CPU.ActiveCfg = Debug|Any CPU
		{57FFE4CF-89E1-4274-97C8-90EC29C2A233}.Debug|Any CPU.Build.0 = Debug|Any CPU
		{57FFE4CF-89E1-4274-97C8-90EC29C2A233}.Release|Any CPU.ActiveCfg = Release|Any CPU
		{57FFE4CF-89E1-4274-97C8-90EC29C2A233}.Release|Any CPU.Build.0 = Release|Any CPU
		{9C209730-E489-4E73-A06E-84F112600BD4}.Debug|Any CPU.ActiveCfg = Debug|Any CPU
		{9C209730-E489-4E73-A06E-84F112600BD4}.Debug|Any CPU.Build.0 = Debug|Any CPU
		{9C209730-E489-4E73-A06E-84F112600BD4}.Release|Any CPU.ActiveCfg = Release|Any CPU
		{9C209730-E489-4E73-A06E-84F112600BD4}.Release|Any CPU.Build.0 = Release|Any CPU
	EndGlobalSection
	GlobalSection(SolutionProperties) = preSolution
		HideSolutionNode = FALSE
	EndGlobalSection
	GlobalSection(ExtensibilityGlobals) = postSolution
		SolutionGuid = {304C1754-D4FE-4BEC-B0E3-6C0CBEE93945}
	EndGlobalSection
EndGlobal
